
Microsoft Visual Studio Solution File, Format Version 12.00
# Visual Studio Version 16
VisualStudioVersion = 16.0.34407.143
MinimumVisualStudioVersion = 10.0.40219.1
Project("{FAE04EC0-301F-11D3-BF4B-00C04F79EFBC}") = "SalesWebMvc", "SalesWebMvc\SalesWebMvc.csproj", "{73AEE61E-1E46-4BCC-A1C7-2A01C8A7C0EA}"
EndProject
Global
	GlobalSection(SolutionConfigurationPlatforms) = preSolution
		Debug|Any CPU = Debug|Any CPU
		Release|Any CPU = Release|Any CPU
	EndGlobalSection
	GlobalSection(ProjectConfigurationPlatforms) = postSolution
		{73AEE61E-1E46-4BCC-A1C7-2A01C8A7C0EA}.Debug|Any CPU.ActiveCfg = Debug|Any CPU
		{73AEE61E-1E46-4BCC-A1C7-2A01C8A7C0EA}.Debug|Any CPU.Build.0 = Debug|Any CPU
		{73AEE61E-1E46-4BCC-A1C7-2A01C8A7C0EA}.Release|Any CPU.ActiveCfg = Release|Any CPU
		{73AEE61E-1E46-4BCC-A1C7-2A01C8A7C0EA}.Release|Any CPU.Build.0 = Release|Any CPU
	EndGlobalSection
	GlobalSection(SolutionProperties) = preSolution
		HideSolutionNode = FALSE
	EndGlobalSection
	GlobalSection(ExtensibilityGlobals) = postSolution
		SolutionGuid = {D79EAD8E-DA47-4B01-96A5-EF470969CBC8}
	EndGlobalSection
EndGlobal
